
Microsoft Visual Studio Solution File, Format Version 12.00
# Visual Studio 15
VisualStudioVersion = 15.0.28307.329
MinimumVisualStudioVersion = 10.0.40219.1
Project("{FAE04EC0-301F-11D3-BF4B-00C04F79EFBC}") = "WebDevAssign2", "WebDevAssign2\WebDevAssign2.csproj", "{B74F24C4-6BEC-479F-B50A-35C6056C7DDE}"
EndProject
Global
	GlobalSection(SolutionConfigurationPlatforms) = preSolution
		Debug|Any CPU = Debug|Any CPU
		Release|Any CPU = Release|Any CPU
	EndGlobalSection
	GlobalSection(ProjectConfigurationPlatforms) = postSolution
		{B74F24C4-6BEC-479F-B50A-35C6056C7DDE}.Debug|Any CPU.ActiveCfg = Debug|Any CPU
		{B74F24C4-6BEC-479F-B50A-35C6056C7DDE}.Debug|Any CPU.Build.0 = Debug|Any CPU
		{B74F24C4-6BEC-479F-B50A-35C6056C7DDE}.Release|Any CPU.ActiveCfg = Release|Any CPU
		{B74F24C4-6BEC-479F-B50A-35C6056C7DDE}.Release|Any CPU.Build.0 = Release|Any CPU
	EndGlobalSection
	GlobalSection(SolutionProperties) = preSolution
		HideSolutionNode = FALSE
	EndGlobalSection
	GlobalSection(ExtensibilityGlobals) = postSolution
		SolutionGuid = {512E6035-E4E0-40AB-B1BA-926D73D035AF}
	EndGlobalSection
EndGlobal
